
Microsoft Visual Studio Solution File, Format Version 12.00
# Visual Studio Version 17
VisualStudioVersion = 17.14.37111.16 d17.14
MinimumVisualStudioVersion = 10.0.40219.1
Project("{9A19103F-16F7-4668-BE54-9A1E7A4F7556}") = "sayclip", "sayclip\sayclip.csproj", "{6AF37CEC-E3C6-4FCA-A71C-5160F2B23990}"
EndProject
Project("{9A19103F-16F7-4668-BE54-9A1E7A4F7556}") = "sayclipTray", "sayclipTray\sayclipTray.csproj", "{A20A4777-6D66-49BF-BBB6-84893984E5A5}"
EndProject
Project("{9A19103F-16F7-4668-BE54-9A1E7A4F7556}") = "AssemblySettings", "AssemblySettings\AssemblySettings.csproj", "{A23B1CE4-43C8-442F-86C8-2C757F75BC31}"
EndProject
Project("{9A19103F-16F7-4668-BE54-9A1E7A4F7556}") = "sayclip.contracts", "sayclip.contracts\sayclip.contracts.csproj", "{839E7676-8856-4D3A-A2AD-1010CF9F194A}"
EndProject
Project("{9A19103F-16F7-4668-BE54-9A1E7A4F7556}") = "logSystem", "logSystem\logSystem.csproj", "{3CBEFA4E-7B7C-4474-9062-42D88B954CAC}"
EndProject
Project("{9A19103F-16F7-4668-BE54-9A1E7A4F7556}") = "consoleTranslatorTest", "consoleTranslatorTest\consoleTranslatorTest.csproj", "{3C0C87EF-8ED1-4BE9-8599-764DEF09FC73}"
EndProject
Project("{9A19103F-16F7-4668-BE54-9A1E7A4F7556}") = "azureTranslatorPlugin", "azureTranslatorPlugin\azureTranslatorPlugin.csproj", "{63C3A470-0648-4CEB-BA58-3BF53FA78E6F}"
EndProject
Project("{9A19103F-16F7-4668-BE54-9A1E7A4F7556}") = "consoleSayclipCoreTester", "consoleSayclipCoreTester\consoleSayclipCoreTester.csproj", "{6B061129-BCFB-4985-A16A-A05437263957}"
EndProject
Project("{9A19103F-16F7-4668-BE54-9A1E7A4F7556}") = "fergunGoogleTranslator", "fergunGoogleTranslator\fergunGoogleTranslator.csproj", "{A926494A-9DC3-4FAC-873E-69C911E2B1E1}"
EndProject
Project("{9A19103F-16F7-4668-BE54-9A1E7A4F7556}") = "gTranslateBingTranslatorPlugin", "gTranslateBingTranslatorPlugin\gTranslateBingTranslatorPlugin.csproj", "{C41DB85A-BFC6-4315-B721-42FCD4BB3E08}"
EndProject
Project("{9A19103F-16F7-4668-BE54-9A1E7A4F7556}") = "gTranslateGoogleTranslatorPlugin", "gTranslateGoogleTranslatorPlugin\gTranslateGoogleTranslatorPlugin.csproj", "{D4E51A6B-8F42-4E7A-9C3D-5A1B7E2C4F3A}"
EndProject
Project("{9A19103F-16F7-4668-BE54-9A1E7A4F7556}") = "gTranslateGoogle2TranslatorPlugin", "gTranslateGoogle2TranslatorPlugin\gTranslateGoogle2TranslatorPlugin.csproj", "{E5F62B7C-9053-4F8B-AD4E-6B2C8F3D5F4B}"
EndProject
Project("{9A19103F-16F7-4668-BE54-9A1E7A4F7556}") = "gTranslateMicrosoftTranslatorPlugin", "gTranslateMicrosoftTranslatorPlugin\gTranslateMicrosoftTranslatorPlugin.csproj", "{F5D58522-A064-C9BA-A3ED-0174A47CD5C4}"
EndProject
Project("{9A19103F-16F7-4668-BE54-9A1E7A4F7556}") = "gTranslateYandexTranslatorPlugin", "gTranslateYandexTranslatorPlugin\gTranslateYandexTranslatorPlugin.csproj", "{7E15CFFE-0F0F-39D2-95DB-4881209C23CC}"
EndProject
Project("{9A19103F-16F7-4668-BE54-9A1E7A4F7556}") = "openRouterDotNetTranslatorPlugin", "openRouterDotNetTranslatorPlugin\openRouterDotNetTranslatorPlugin.csproj", "{B2C4D6E8-1A3F-4E7B-9C0D-5A2B8F3E6D9C}"
EndProject
Project("{2150E333-8FDC-42A3-9474-1A3956D46DE8}") = "tests", "tests", "{0AB3BF05-4346-4AA6-1389-037BE0695223}"
EndProject
Project("{2150E333-8FDC-42A3-9474-1A3956D46DE8}") = "tools", "tools", "{3F86C8B1-9580-8D67-A31D-4233E94104AC}"
EndProject
Project("{FAE04EC0-301F-11D3-BF4B-00C04F79EFBC}") = "PluginRuntimeProbe", "..\tests\tools\PluginRuntimeProbe\PluginRuntimeProbe.csproj", "{33D251F0-831F-4B51-B543-E93931F8B049}"
EndProject
Project("{FAE04EC0-301F-11D3-BF4B-00C04F79EFBC}") = "PluginPackageCoreProbe", "..\tests\tools\PluginPackageCoreProbe\PluginPackageCoreProbe.csproj", "{9F6AC559-DF03-49ED-AB08-0FD56914455F}"
EndProject
Global
	GlobalSection(SolutionConfigurationPlatforms) = preSolution
		Debug|Any CPU = Debug|Any CPU
		Debug|x64 = Debug|x64
		Debug|x86 = Debug|x86
		Release|Any CPU = Release|Any CPU
		Release|x64 = Release|x64
		Release|x86 = Release|x86
		release-small|Any CPU = release-small|Any CPU
		release-small|x64 = release-small|x64
		release-small|x86 = release-small|x86
	EndGlobalSection
	GlobalSection(ProjectConfigurationPlatforms) = postSolution
		{6AF37CEC-E3C6-4FCA-A71C-5160F2B23990}.Debug|Any CPU.ActiveCfg = Debug|Any CPU
		{6AF37CEC-E3C6-4FCA-A71C-5160F2B23990}.Debug|Any CPU.Build.0 = Debug|Any CPU
		{6AF37CEC-E3C6-4FCA-A71C-5160F2B23990}.Debug|x64.ActiveCfg = Debug|Any CPU
		{6AF37CEC-E3C6-4FCA-A71C-5160F2B23990}.Debug|x64.Build.0 = Debug|Any CPU
		{6AF37CEC-E3C6-4FCA-A71C-5160F2B23990}.Debug|x86.ActiveCfg = Debug|x86
		{6AF37CEC-E3C6-4FCA-A71C-5160F2B23990}.Debug|x86.Build.0 = Debug|x86
		{6AF37CEC-E3C6-4FCA-A71C-5160F2B23990}.Release|Any CPU.ActiveCfg = Release|Any CPU
		{6AF37CEC-E3C6-4FCA-A71C-5160F2B23990}.Release|Any CPU.Build.0 = Release|Any CPU
		{6AF37CEC-E3C6-4FCA-A71C-5160F2B23990}.Release|x64.ActiveCfg = Release|Any CPU
		{6AF37CEC-E3C6-4FCA-A71C-5160F2B23990}.Release|x64.Build.0 = Release|Any CPU
		{6AF37CEC-E3C6-4FCA-A71C-5160F2B23990}.Release|x86.ActiveCfg = Release|x86
		{6AF37CEC-E3C6-4FCA-A71C-5160F2B23990}.Release|x86.Build.0 = Release|x86
		{6AF37CEC-E3C6-4FCA-A71C-5160F2B23990}.release-small|Any CPU.ActiveCfg = release-small|Any CPU
		{6AF37CEC-E3C6-4FCA-A71C-5160F2B23990}.release-small|Any CPU.Build.0 = release-small|Any CPU
		{6AF37CEC-E3C6-4FCA-A71C-5160F2B23990}.release-small|x64.ActiveCfg = release-small|Any CPU
		{6AF37CEC-E3C6-4FCA-A71C-5160F2B23990}.release-small|x64.Build.0 = release-small|Any CPU
		{6AF37CEC-E3C6-4FCA-A71C-5160F2B23990}.release-small|x86.ActiveCfg = release-small|x86
		{6AF37CEC-E3C6-4FCA-A71C-5160F2B23990}.release-small|x86.Build.0 = release-small|x86
		{A20A4777-6D66-49BF-BBB6-84893984E5A5}.Debug|Any CPU.ActiveCfg = Debug|Any CPU
		{A20A4777-6D66-49BF-BBB6-84893984E5A5}.Debug|Any CPU.Build.0 = Debug|Any CPU
		{A20A4777-6D66-49BF-BBB6-84893984E5A5}.Debug|x64.ActiveCfg = Debug|Any CPU
		{A20A4777-6D66-49BF-BBB6-84893984E5A5}.Debug|x64.Build.0 = Debug|Any CPU
		{A20A4777-6D66-49BF-BBB6-84893984E5A5}.Debug|x86.ActiveCfg = Debug|x86
		{A20A4777-6D66-49BF-BBB6-84893984E5A5}.Debug|x86.Build.0 = Debug|x86
		{A20A4777-6D66-49BF-BBB6-84893984E5A5}.Release|Any CPU.ActiveCfg = Release|Any CPU
		{A20A4777-6D66-49BF-BBB6-84893984E5A5}.Release|Any CPU.Build.0 = Release|Any CPU
		{A20A4777-6D66-49BF-BBB6-84893984E5A5}.Release|x64.ActiveCfg = Release|Any CPU
		{A20A4777-6D66-49BF-BBB6-84893984E5A5}.Release|x64.Build.0 = Release|Any CPU
		{A20A4777-6D66-49BF-BBB6-84893984E5A5}.Release|x86.ActiveCfg = Release|x86
		{A20A4777-6D66-49BF-BBB6-84893984E5A5}.Release|x86.Build.0 = Release|x86
		{A20A4777-6D66-49BF-BBB6-84893984E5A5}.release-small|Any CPU.ActiveCfg = release-small|Any CPU
		{A20A4777-6D66-49BF-BBB6-84893984E5A5}.release-small|Any CPU.Build.0 = release-small|Any CPU
		{A20A4777-6D66-49BF-BBB6-84893984E5A5}.release-small|x64.ActiveCfg = release-small|Any CPU
		{A20A4777-6D66-49BF-BBB6-84893984E5A5}.release-small|x64.Build.0 = release-small|Any CPU
		{A20A4777-6D66-49BF-BBB6-84893984E5A5}.release-small|x86.ActiveCfg = release-small|x86
		{A20A4777-6D66-49BF-BBB6-84893984E5A5}.release-small|x86.Build.0 = release-small|x86
		{A23B1CE4-43C8-442F-86C8-2C757F75BC31}.Debug|Any CPU.ActiveCfg = Debug|Any CPU
		{A23B1CE4-43C8-442F-86C8-2C757F75BC31}.Debug|Any CPU.Build.0 = Debug|Any CPU
		{A23B1CE4-43C8-442F-86C8-2C757F75BC31}.Debug|x64.ActiveCfg = Debug|Any CPU
		{A23B1CE4-43C8-442F-86C8-2C757F75BC31}.Debug|x64.Build.0 = Debug|Any CPU
		{A23B1CE4-43C8-442F-86C8-2C757F75BC31}.Debug|x86.ActiveCfg = Debug|x86
		{A23B1CE4-43C8-442F-86C8-2C757F75BC31}.Debug|x86.Build.0 = Debug|x86
		{A23B1CE4-43C8-442F-86C8-2C757F75BC31}.Release|Any CPU.ActiveCfg = Release|Any CPU
		{A23B1CE4-43C8-442F-86C8-2C757F75BC31}.Release|Any CPU.Build.0 = Release|Any CPU
		{A23B1CE4-43C8-442F-86C8-2C757F75BC31}.Release|x64.ActiveCfg = Release|Any CPU
		{A23B1CE4-43C8-442F-86C8-2C757F75BC31}.Release|x64.Build.0 = Release|Any CPU
		{A23B1CE4-43C8-442F-86C8-2C757F75BC31}.Release|x86.ActiveCfg = Release|x86
		{A23B1CE4-43C8-442F-86C8-2C757F75BC31}.Release|x86.Build.0 = Release|x86
		{A23B1CE4-43C8-442F-86C8-2C757F75BC31}.release-small|Any CPU.ActiveCfg = release-small|Any CPU
		{A23B1CE4-43C8-442F-86C8-2C757F75BC31}.release-small|Any CPU.Build.0 = release-small|Any CPU
		{A23B1CE4-43C8-442F-86C8-2C757F75BC31}.release-small|x64.ActiveCfg = release-small|Any CPU
		{A23B1CE4-43C8-442F-86C8-2C757F75BC31}.release-small|x64.Build.0 = release-small|Any CPU
		{A23B1CE4-43C8-442F-86C8-2C757F75BC31}.release-small|x86.ActiveCfg = release-small|x86
		{A23B1CE4-43C8-442F-86C8-2C757F75BC31}.release-small|x86.Build.0 = release-small|x86
		{839E7676-8856-4D3A-A2AD-1010CF9F194A}.Debug|Any CPU.ActiveCfg = Debug|Any CPU
		{839E7676-8856-4D3A-A2AD-1010CF9F194A}.Debug|Any CPU.Build.0 = Debug|Any CPU
		{839E7676-8856-4D3A-A2AD-1010CF9F194A}.Debug|x64.ActiveCfg = Debug|Any CPU
		{839E7676-8856-4D3A-A2AD-1010CF9F194A}.Debug|x64.Build.0 = Debug|Any CPU
		{839E7676-8856-4D3A-A2AD-1010CF9F194A}.Debug|x86.ActiveCfg = Debug|Any CPU
		{839E7676-8856-4D3A-A2AD-1010CF9F194A}.Debug|x86.Build.0 = Debug|Any CPU
		{839E7676-8856-4D3A-A2AD-1010CF9F194A}.Release|Any CPU.ActiveCfg = Release|Any CPU
		{839E7676-8856-4D3A-A2AD-1010CF9F194A}.Release|Any CPU.Build.0 = Release|Any CPU
		{839E7676-8856-4D3A-A2AD-1010CF9F194A}.Release|x64.ActiveCfg = Release|Any CPU
		{839E7676-8856-4D3A-A2AD-1010CF9F194A}.Release|x64.Build.0 = Release|Any CPU
		{839E7676-8856-4D3A-A2AD-1010CF9F194A}.Release|x86.ActiveCfg = Release|Any CPU
		{839E7676-8856-4D3A-A2AD-1010CF9F194A}.Release|x86.Build.0 = Release|Any CPU
		{839E7676-8856-4D3A-A2AD-1010CF9F194A}.release-small|Any CPU.ActiveCfg = Release|Any CPU
		{839E7676-8856-4D3A-A2AD-1010CF9F194A}.release-small|Any CPU.Build.0 = Release|Any CPU
		{839E7676-8856-4D3A-A2AD-1010CF9F194A}.release-small|x64.ActiveCfg = release-small|Any CPU
		{839E7676-8856-4D3A-A2AD-1010CF9F194A}.release-small|x64.Build.0 = release-small|Any CPU
		{839E7676-8856-4D3A-A2AD-1010CF9F194A}.release-small|x86.ActiveCfg = Release|Any CPU
		{839E7676-8856-4D3A-A2AD-1010CF9F194A}.release-small|x86.Build.0 = Release|Any CPU
		{3CBEFA4E-7B7C-4474-9062-42D88B954CAC}.Debug|Any CPU.ActiveCfg = Debug|Any CPU
		{3CBEFA4E-7B7C-4474-9062-42D88B954CAC}.Debug|Any CPU.Build.0 = Debug|Any CPU
		{3CBEFA4E-7B7C-4474-9062-42D88B954CAC}.Debug|x64.ActiveCfg = Debug|Any CPU
		{3CBEFA4E-7B7C-4474-9062-42D88B954CAC}.Debug|x64.Build.0 = Debug|Any CPU
		{3CBEFA4E-7B7C-4474-9062-42D88B954CAC}.Debug|x86.ActiveCfg = Debug|x86
		{3CBEFA4E-7B7C-4474-9062-42D88B954CAC}.Debug|x86.Build.0 = Debug|x86
		{3CBEFA4E-7B7C-4474-9062-42D88B954CAC}.Release|Any CPU.ActiveCfg = Release|Any CPU
		{3CBEFA4E-7B7C-4474-9062-42D88B954CAC}.Release|Any CPU.Build.0 = Release|Any CPU
		{3CBEFA4E-7B7C-4474-9062-42D88B954CAC}.Release|x64.ActiveCfg = Release|Any CPU
		{3CBEFA4E-7B7C-4474-9062-42D88B954CAC}.Release|x64.Build.0 = Release|Any CPU
		{3CBEFA4E-7B7C-4474-9062-42D88B954CAC}.Release|x86.ActiveCfg = Release|x86
		{3CBEFA4E-7B7C-4474-9062-42D88B954CAC}.Release|x86.Build.0 = Release|x86
		{3CBEFA4E-7B7C-4474-9062-42D88B954CAC}.release-small|Any CPU.ActiveCfg = release-small|Any CPU
		{3CBEFA4E-7B7C-4474-9062-42D88B954CAC}.release-small|Any CPU.Build.0 = release-small|Any CPU
		{3CBEFA4E-7B7C-4474-9062-42D88B954CAC}.release-small|x64.ActiveCfg = release-small|Any CPU
		{3CBEFA4E-7B7C-4474-9062-42D88B954CAC}.release-small|x64.Build.0 = release-small|Any CPU
		{3CBEFA4E-7B7C-4474-9062-42D88B954CAC}.release-small|x86.ActiveCfg = release-small|x86
		{3CBEFA4E-7B7C-4474-9062-42D88B954CAC}.release-small|x86.Build.0 = release-small|x86
		{3C0C87EF-8ED1-4BE9-8599-764DEF09FC73}.Debug|Any CPU.ActiveCfg = Debug|Any CPU
		{3C0C87EF-8ED1-4BE9-8599-764DEF09FC73}.Debug|Any CPU.Build.0 = Debug|Any CPU
		{3C0C87EF-8ED1-4BE9-8599-764DEF09FC73}.Debug|x64.ActiveCfg = Debug|Any CPU
		{3C0C87EF-8ED1-4BE9-8599-764DEF09FC73}.Debug|x64.Build.0 = Debug|Any CPU
		{3C0C87EF-8ED1-4BE9-8599-764DEF09FC73}.Debug|x86.ActiveCfg = Debug|x86
		{3C0C87EF-8ED1-4BE9-8599-764DEF09FC73}.Debug|x86.Build.0 = Debug|x86
		{3C0C87EF-8ED1-4BE9-8599-764DEF09FC73}.Release|Any CPU.ActiveCfg = Release|Any CPU
		{3C0C87EF-8ED1-4BE9-8599-764DEF09FC73}.Release|Any CPU.Build.0 = Release|Any CPU
		{3C0C87EF-8ED1-4BE9-8599-764DEF09FC73}.Release|x64.ActiveCfg = Release|Any CPU
		{3C0C87EF-8ED1-4BE9-8599-764DEF09FC73}.Release|x64.Build.0 = Release|Any CPU
		{3C0C87EF-8ED1-4BE9-8599-764DEF09FC73}.Release|x86.ActiveCfg = Release|x86
		{3C0C87EF-8ED1-4BE9-8599-764DEF09FC73}.Release|x86.Build.0 = Release|x86
		{3C0C87EF-8ED1-4BE9-8599-764DEF09FC73}.release-small|Any CPU.ActiveCfg = release-small|Any CPU
		{3C0C87EF-8ED1-4BE9-8599-764DEF09FC73}.release-small|Any CPU.Build.0 = release-small|Any CPU
		{3C0C87EF-8ED1-4BE9-8599-764DEF09FC73}.release-small|x64.ActiveCfg = release-small|Any CPU
		{3C0C87EF-8ED1-4BE9-8599-764DEF09FC73}.release-small|x64.Build.0 = release-small|Any CPU
		{3C0C87EF-8ED1-4BE9-8599-764DEF09FC73}.release-small|x86.ActiveCfg = release-small|x86
		{3C0C87EF-8ED1-4BE9-8599-764DEF09FC73}.release-small|x86.Build.0 = release-small|x86
		{63C3A470-0648-4CEB-BA58-3BF53FA78E6F}.Debug|Any CPU.ActiveCfg = Debug|Any CPU
		{63C3A470-0648-4CEB-BA58-3BF53FA78E6F}.Debug|Any CPU.Build.0 = Debug|Any CPU
		{63C3A470-0648-4CEB-BA58-3BF53FA78E6F}.Debug|x64.ActiveCfg = Debug|Any CPU
		{63C3A470-0648-4CEB-BA58-3BF53FA78E6F}.Debug|x64.Build.0 = Debug|Any CPU
		{63C3A470-0648-4CEB-BA58-3BF53FA78E6F}.Debug|x86.ActiveCfg = Debug|x86
		{63C3A470-0648-4CEB-BA58-3BF53FA78E6F}.Debug|x86.Build.0 = Debug|x86
		{63C3A470-0648-4CEB-BA58-3BF53FA78E6F}.Release|Any CPU.ActiveCfg = Release|Any CPU
		{63C3A470-0648-4CEB-BA58-3BF53FA78E6F}.Release|Any CPU.Build.0 = Release|Any CPU
		{63C3A470-0648-4CEB-BA58-3BF53FA78E6F}.Release|x64.ActiveCfg = Release|Any CPU
		{63C3A470-0648-4CEB-BA58-3BF53FA78E6F}.Release|x64.Build.0 = Release|Any CPU
		{63C3A470-0648-4CEB-BA58-3BF53FA78E6F}.Release|x86.ActiveCfg = Release|x86
		{63C3A470-0648-4CEB-BA58-3BF53FA78E6F}.Release|x86.Build.0 = Release|x86
		{63C3A470-0648-4CEB-BA58-3BF53FA78E6F}.release-small|Any CPU.ActiveCfg = release-small|Any CPU
		{63C3A470-0648-4CEB-BA58-3BF53FA78E6F}.release-small|Any CPU.Build.0 = release-small|Any CPU
		{63C3A470-0648-4CEB-BA58-3BF53FA78E6F}.release-small|x64.ActiveCfg = release-small|Any CPU
		{63C3A470-0648-4CEB-BA58-3BF53FA78E6F}.release-small|x64.Build.0 = release-small|Any CPU
		{63C3A470-0648-4CEB-BA58-3BF53FA78E6F}.release-small|x86.ActiveCfg = release-small|x86
		{63C3A470-0648-4CEB-BA58-3BF53FA78E6F}.release-small|x86.Build.0 = release-small|x86
		{6B061129-BCFB-4985-A16A-A05437263957}.Debug|Any CPU.ActiveCfg = Debug|Any CPU
		{6B061129-BCFB-4985-A16A-A05437263957}.Debug|Any CPU.Build.0 = Debug|Any CPU
		{6B061129-BCFB-4985-A16A-A05437263957}.Debug|x64.ActiveCfg = Debug|Any CPU
		{6B061129-BCFB-4985-A16A-A05437263957}.Debug|x64.Build.0 = Debug|Any CPU
		{6B061129-BCFB-4985-A16A-A05437263957}.Debug|x86.ActiveCfg = Debug|Any CPU
		{6B061129-BCFB-4985-A16A-A05437263957}.Debug|x86.Build.0 = Debug|Any CPU
		{6B061129-BCFB-4985-A16A-A05437263957}.Release|Any CPU.ActiveCfg = Release|Any CPU
		{6B061129-BCFB-4985-A16A-A05437263957}.Release|Any CPU.Build.0 = Release|Any CPU
		{6B061129-BCFB-4985-A16A-A05437263957}.Release|x64.ActiveCfg = Release|Any CPU
		{6B061129-BCFB-4985-A16A-A05437263957}.Release|x64.Build.0 = Release|Any CPU
		{6B061129-BCFB-4985-A16A-A05437263957}.Release|x86.ActiveCfg = Release|x86
		{6B061129-BCFB-4985-A16A-A05437263957}.Release|x86.Build.0 = Release|x86
		{6B061129-BCFB-4985-A16A-A05437263957}.release-small|Any CPU.ActiveCfg = release-small|Any CPU
		{6B061129-BCFB-4985-A16A-A05437263957}.release-small|Any CPU.Build.0 = release-small|Any CPU
		{6B061129-BCFB-4985-A16A-A05437263957}.release-small|x64.ActiveCfg = release-small|Any CPU
		{6B061129-BCFB-4985-A16A-A05437263957}.release-small|x64.Build.0 = release-small|Any CPU
		{6B061129-BCFB-4985-A16A-A05437263957}.release-small|x86.ActiveCfg = release-small|x86
		{6B061129-BCFB-4985-A16A-A05437263957}.release-small|x86.Build.0 = release-small|x86
		{A926494A-9DC3-4FAC-873E-69C911E2B1E1}.Debug|Any CPU.ActiveCfg = Debug|Any CPU
		{A926494A-9DC3-4FAC-873E-69C911E2B1E1}.Debug|Any CPU.Build.0 = Debug|Any CPU
		{A926494A-9DC3-4FAC-873E-69C911E2B1E1}.Debug|x64.ActiveCfg = Debug|Any CPU
		{A926494A-9DC3-4FAC-873E-69C911E2B1E1}.Debug|x64.Build.0 = Debug|Any CPU
		{A926494A-9DC3-4FAC-873E-69C911E2B1E1}.Debug|x86.ActiveCfg = Debug|x86
		{A926494A-9DC3-4FAC-873E-69C911E2B1E1}.Debug|x86.Build.0 = Debug|x86
		{A926494A-9DC3-4FAC-873E-69C911E2B1E1}.Release|Any CPU.ActiveCfg = Release|Any CPU
		{A926494A-9DC3-4FAC-873E-69C911E2B1E1}.Release|Any CPU.Build.0 = Release|Any CPU
		{A926494A-9DC3-4FAC-873E-69C911E2B1E1}.Release|x64.ActiveCfg = Release|Any CPU
		{A926494A-9DC3-4FAC-873E-69C911E2B1E1}.Release|x64.Build.0 = Release|Any CPU
		{A926494A-9DC3-4FAC-873E-69C911E2B1E1}.Release|x86.ActiveCfg = Release|x86
		{A926494A-9DC3-4FAC-873E-69C911E2B1E1}.Release|x86.Build.0 = Release|x86
		{A926494A-9DC3-4FAC-873E-69C911E2B1E1}.release-small|Any CPU.ActiveCfg = release-small|Any CPU
		{A926494A-9DC3-4FAC-873E-69C911E2B1E1}.release-small|Any CPU.Build.0 = release-small|Any CPU
		{A926494A-9DC3-4FAC-873E-69C911E2B1E1}.release-small|x64.ActiveCfg = release-small|Any CPU
		{A926494A-9DC3-4FAC-873E-69C911E2B1E1}.release-small|x64.Build.0 = release-small|Any CPU
		{A926494A-9DC3-4FAC-873E-69C911E2B1E1}.release-small|x86.ActiveCfg = release-small|x86
		{A926494A-9DC3-4FAC-873E-69C911E2B1E1}.release-small|x86.Build.0 = release-small|x86
		{C41DB85A-BFC6-4315-B721-42FCD4BB3E08}.Debug|Any CPU.ActiveCfg = Debug|Any CPU
		{C41DB85A-BFC6-4315-B721-42FCD4BB3E08}.Debug|Any CPU.Build.0 = Debug|Any CPU
		{C41DB85A-BFC6-4315-B721-42FCD4BB3E08}.Debug|x64.ActiveCfg = Debug|Any CPU
		{C41DB85A-BFC6-4315-B721-42FCD4BB3E08}.Debug|x64.Build.0 = Debug|Any CPU
		{C41DB85A-BFC6-4315-B721-42FCD4BB3E08}.Debug|x86.ActiveCfg = Debug|x86
		{C41DB85A-BFC6-4315-B721-42FCD4BB3E08}.Debug|x86.Build.0 = Debug|x86
		{C41DB85A-BFC6-4315-B721-42FCD4BB3E08}.Release|Any CPU.ActiveCfg = Release|Any CPU
		{C41DB85A-BFC6-4315-B721-42FCD4BB3E08}.Release|Any CPU.Build.0 = Release|Any CPU
		{C41DB85A-BFC6-4315-B721-42FCD4BB3E08}.Release|x64.ActiveCfg = Release|Any CPU
		{C41DB85A-BFC6-4315-B721-42FCD4BB3E08}.Release|x64.Build.0 = Release|Any CPU
		{C41DB85A-BFC6-4315-B721-42FCD4BB3E08}.Release|x86.ActiveCfg = Release|x86
		{C41DB85A-BFC6-4315-B721-42FCD4BB3E08}.Release|x86.Build.0 = Release|x86
		{C41DB85A-BFC6-4315-B721-42FCD4BB3E08}.release-small|Any CPU.ActiveCfg = release-small|Any CPU
		{C41DB85A-BFC6-4315-B721-42FCD4BB3E08}.release-small|Any CPU.Build.0 = release-small|Any CPU
		{C41DB85A-BFC6-4315-B721-42FCD4BB3E08}.release-small|x64.ActiveCfg = release-small|Any CPU
		{C41DB85A-BFC6-4315-B721-42FCD4BB3E08}.release-small|x64.Build.0 = release-small|Any CPU
		{C41DB85A-BFC6-4315-B721-42FCD4BB3E08}.release-small|x86.ActiveCfg = release-small|x86
		{C41DB85A-BFC6-4315-B721-42FCD4BB3E08}.release-small|x86.Build.0 = release-small|x86
		{D4E51A6B-8F42-4E7A-9C3D-5A1B7E2C4F3A}.Debug|Any CPU.ActiveCfg = Debug|Any CPU
		{D4E51A6B-8F42-4E7A-9C3D-5A1B7E2C4F3A}.Debug|Any CPU.Build.0 = Debug|Any CPU
		{D4E51A6B-8F42-4E7A-9C3D-5A1B7E2C4F3A}.Debug|x64.ActiveCfg = Debug|Any CPU
		{D4E51A6B-8F42-4E7A-9C3D-5A1B7E2C4F3A}.Debug|x64.Build.0 = Debug|Any CPU
		{D4E51A6B-8F42-4E7A-9C3D-5A1B7E2C4F3A}.Debug|x86.ActiveCfg = Debug|x86
		{D4E51A6B-8F42-4E7A-9C3D-5A1B7E2C4F3A}.Debug|x86.Build.0 = Debug|x86
		{D4E51A6B-8F42-4E7A-9C3D-5A1B7E2C4F3A}.Release|Any CPU.ActiveCfg = Release|Any CPU
		{D4E51A6B-8F42-4E7A-9C3D-5A1B7E2C4F3A}.Release|Any CPU.Build.0 = Release|Any CPU
		{D4E51A6B-8F42-4E7A-9C3D-5A1B7E2C4F3A}.Release|x64.ActiveCfg = Release|Any CPU
		{D4E51A6B-8F42-4E7A-9C3D-5A1B7E2C4F3A}.Release|x64.Build.0 = Release|Any CPU
		{D4E51A6B-8F42-4E7A-9C3D-5A1B7E2C4F3A}.Release|x86.ActiveCfg = Release|x86
		{D4E51A6B-8F42-4E7A-9C3D-5A1B7E2C4F3A}.Release|x86.Build.0 = Release|x86
		{D4E51A6B-8F42-4E7A-9C3D-5A1B7E2C4F3A}.release-small|Any CPU.ActiveCfg = release-small|Any CPU
		{D4E51A6B-8F42-4E7A-9C3D-5A1B7E2C4F3A}.release-small|Any CPU.Build.0 = release-small|Any CPU
		{D4E51A6B-8F42-4E7A-9C3D-5A1B7E2C4F3A}.release-small|x64.ActiveCfg = release-small|Any CPU
		{D4E51A6B-8F42-4E7A-9C3D-5A1B7E2C4F3A}.release-small|x64.Build.0 = release-small|Any CPU
		{D4E51A6B-8F42-4E7A-9C3D-5A1B7E2C4F3A}.release-small|x86.ActiveCfg = release-small|x86
		{D4E51A6B-8F42-4E7A-9C3D-5A1B7E2C4F3A}.release-small|x86.Build.0 = release-small|x86
		{E5F62B7C-9053-4F8B-AD4E-6B2C8F3D5F4B}.Debug|Any CPU.ActiveCfg = Debug|Any CPU
		{E5F62B7C-9053-4F8B-AD4E-6B2C8F3D5F4B}.Debug|Any CPU.Build.0 = Debug|Any CPU
		{E5F62B7C-9053-4F8B-AD4E-6B2C8F3D5F4B}.Debug|x64.ActiveCfg = Debug|Any CPU
		{E5F62B7C-9053-4F8B-AD4E-6B2C8F3D5F4B}.Debug|x64.Build.0 = Debug|Any CPU
		{E5F62B7C-9053-4F8B-AD4E-6B2C8F3D5F4B}.Debug|x86.ActiveCfg = Debug|x86
		{E5F62B7C-9053-4F8B-AD4E-6B2C8F3D5F4B}.Debug|x86.Build.0 = Debug|x86
		{E5F62B7C-9053-4F8B-AD4E-6B2C8F3D5F4B}.Release|Any CPU.ActiveCfg = Release|Any CPU
		{E5F62B7C-9053-4F8B-AD4E-6B2C8F3D5F4B}.Release|Any CPU.Build.0 = Release|Any CPU
		{E5F62B7C-9053-4F8B-AD4E-6B2C8F3D5F4B}.Release|x64.ActiveCfg = Release|Any CPU
		{E5F62B7C-9053-4F8B-AD4E-6B2C8F3D5F4B}.Release|x64.Build.0 = Release|Any CPU
		{E5F62B7C-9053-4F8B-AD4E-6B2C8F3D5F4B}.Release|x86.ActiveCfg = Release|x86
		{E5F62B7C-9053-4F8B-AD4E-6B2C8F3D5F4B}.Release|x86.Build.0 = Release|x86
		{E5F62B7C-9053-4F8B-AD4E-6B2C8F3D5F4B}.release-small|Any CPU.ActiveCfg = release-small|Any CPU
		{E5F62B7C-9053-4F8B-AD4E-6B2C8F3D5F4B}.release-small|Any CPU.Build.0 = release-small|Any CPU
		{E5F62B7C-9053-4F8B-AD4E-6B2C8F3D5F4B}.release-small|x64.ActiveCfg = release-small|Any CPU
		{E5F62B7C-9053-4F8B-AD4E-6B2C8F3D5F4B}.release-small|x64.Build.0 = release-small|Any CPU
		{E5F62B7C-9053-4F8B-AD4E-6B2C8F3D5F4B}.release-small|x86.ActiveCfg = release-small|x86
		{E5F62B7C-9053-4F8B-AD4E-6B2C8F3D5F4B}.release-small|x86.Build.0 = release-small|x86
		{F5D58522-A064-C9BA-A3ED-0174A47CD5C4}.Debug|Any CPU.ActiveCfg = Debug|Any CPU
		{F5D58522-A064-C9BA-A3ED-0174A47CD5C4}.Debug|Any CPU.Build.0 = Debug|Any CPU
		{F5D58522-A064-C9BA-A3ED-0174A47CD5C4}.Debug|x64.ActiveCfg = Debug|Any CPU
		{F5D58522-A064-C9BA-A3ED-0174A47CD5C4}.Debug|x64.Build.0 = Debug|Any CPU
		{F5D58522-A064-C9BA-A3ED-0174A47CD5C4}.Debug|x86.ActiveCfg = Debug|x86
		{F5D58522-A064-C9BA-A3ED-0174A47CD5C4}.Debug|x86.Build.0 = Debug|x86
		{F5D58522-A064-C9BA-A3ED-0174A47CD5C4}.Release|Any CPU.ActiveCfg = Release|Any CPU
		{F5D58522-A064-C9BA-A3ED-0174A47CD5C4}.Release|Any CPU.Build.0 = Release|Any CPU
		{F5D58522-A064-C9BA-A3ED-0174A47CD5C4}.Release|x64.ActiveCfg = Release|Any CPU
		{F5D58522-A064-C9BA-A3ED-0174A47CD5C4}.Release|x64.Build.0 = Release|Any CPU
		{F5D58522-A064-C9BA-A3ED-0174A47CD5C4}.Release|x86.ActiveCfg = Release|x86
		{F5D58522-A064-C9BA-A3ED-0174A47CD5C4}.Release|x86.Build.0 = Release|x86
		{F5D58522-A064-C9BA-A3ED-0174A47CD5C4}.release-small|Any CPU.ActiveCfg = release-small|Any CPU
		{F5D58522-A064-C9BA-A3ED-0174A47CD5C4}.release-small|Any CPU.Build.0 = release-small|Any CPU
		{F5D58522-A064-C9BA-A3ED-0174A47CD5C4}.release-small|x64.ActiveCfg = release-small|Any CPU
		{F5D58522-A064-C9BA-A3ED-0174A47CD5C4}.release-small|x64.Build.0 = release-small|Any CPU
		{F5D58522-A064-C9BA-A3ED-0174A47CD5C4}.release-small|x86.ActiveCfg = release-small|x86
		{F5D58522-A064-C9BA-A3ED-0174A47CD5C4}.release-small|x86.Build.0 = release-small|x86
		{7E15CFFE-0F0F-39D2-95DB-4881209C23CC}.Debug|Any CPU.ActiveCfg = Debug|Any CPU
		{7E15CFFE-0F0F-39D2-95DB-4881209C23CC}.Debug|Any CPU.Build.0 = Debug|Any CPU
		{7E15CFFE-0F0F-39D2-95DB-4881209C23CC}.Debug|x64.ActiveCfg = Debug|Any CPU
		{7E15CFFE-0F0F-39D2-95DB-4881209C23CC}.Debug|x64.Build.0 = Debug|Any CPU
		{7E15CFFE-0F0F-39D2-95DB-4881209C23CC}.Debug|x86.ActiveCfg = Debug|x86
		{7E15CFFE-0F0F-39D2-95DB-4881209C23CC}.Debug|x86.Build.0 = Debug|x86
		{7E15CFFE-0F0F-39D2-95DB-4881209C23CC}.Release|Any CPU.ActiveCfg = Release|Any CPU
		{7E15CFFE-0F0F-39D2-95DB-4881209C23CC}.Release|Any CPU.Build.0 = Release|Any CPU
		{7E15CFFE-0F0F-39D2-95DB-4881209C23CC}.Release|x64.ActiveCfg = Release|Any CPU
		{7E15CFFE-0F0F-39D2-95DB-4881209C23CC}.Release|x64.Build.0 = Release|Any CPU
		{7E15CFFE-0F0F-39D2-95DB-4881209C23CC}.Release|x86.ActiveCfg = Release|x86
		{7E15CFFE-0F0F-39D2-95DB-4881209C23CC}.Release|x86.Build.0 = Release|x86
		{7E15CFFE-0F0F-39D2-95DB-4881209C23CC}.release-small|Any CPU.ActiveCfg = release-small|Any CPU
		{7E15CFFE-0F0F-39D2-95DB-4881209C23CC}.release-small|Any CPU.Build.0 = release-small|Any CPU
		{7E15CFFE-0F0F-39D2-95DB-4881209C23CC}.release-small|x64.ActiveCfg = release-small|Any CPU
		{7E15CFFE-0F0F-39D2-95DB-4881209C23CC}.release-small|x64.Build.0 = release-small|Any CPU
		{7E15CFFE-0F0F-39D2-95DB-4881209C23CC}.release-small|x86.ActiveCfg = release-small|x86
		{7E15CFFE-0F0F-39D2-95DB-4881209C23CC}.release-small|x86.Build.0 = release-small|x86
		{33D251F0-831F-4B51-B543-E93931F8B049}.Debug|Any CPU.ActiveCfg = Debug|Any CPU
		{33D251F0-831F-4B51-B543-E93931F8B049}.Debug|Any CPU.Build.0 = Debug|Any CPU
		{33D251F0-831F-4B51-B543-E93931F8B049}.Debug|x64.ActiveCfg = Debug|Any CPU
		{33D251F0-831F-4B51-B543-E93931F8B049}.Debug|x64.Build.0 = Debug|Any CPU
		{33D251F0-831F-4B51-B543-E93931F8B049}.Debug|x86.ActiveCfg = Debug|Any CPU
		{33D251F0-831F-4B51-B543-E93931F8B049}.Debug|x86.Build.0 = Debug|Any CPU
		{33D251F0-831F-4B51-B543-E93931F8B049}.Release|Any CPU.ActiveCfg = Release|Any CPU
		{33D251F0-831F-4B51-B543-E93931F8B049}.Release|Any CPU.Build.0 = Release|Any CPU
		{33D251F0-831F-4B51-B543-E93931F8B049}.Release|x64.ActiveCfg = Release|Any CPU
		{33D251F0-831F-4B51-B543-E93931F8B049}.Release|x64.Build.0 = Release|Any CPU
		{33D251F0-831F-4B51-B543-E93931F8B049}.Release|x86.ActiveCfg = Release|Any CPU
		{33D251F0-831F-4B51-B543-E93931F8B049}.Release|x86.Build.0 = Release|Any CPU
		{33D251F0-831F-4B51-B543-E93931F8B049}.release-small|Any CPU.ActiveCfg = Debug|Any CPU
		{33D251F0-831F-4B51-B543-E93931F8B049}.release-small|Any CPU.Build.0 = Debug|Any CPU
		{33D251F0-831F-4B51-B543-E93931F8B049}.release-small|x64.ActiveCfg = Debug|Any CPU
		{33D251F0-831F-4B51-B543-E93931F8B049}.release-small|x64.Build.0 = Debug|Any CPU
		{33D251F0-831F-4B51-B543-E93931F8B049}.release-small|x86.ActiveCfg = Debug|Any CPU
		{33D251F0-831F-4B51-B543-E93931F8B049}.release-small|x86.Build.0 = Debug|Any CPU
		{9F6AC559-DF03-49ED-AB08-0FD56914455F}.Debug|Any CPU.ActiveCfg = Debug|Any CPU
		{9F6AC559-DF03-49ED-AB08-0FD56914455F}.Debug|Any CPU.Build.0 = Debug|Any CPU
		{9F6AC559-DF03-49ED-AB08-0FD56914455F}.Debug|x64.ActiveCfg = Debug|Any CPU
		{9F6AC559-DF03-49ED-AB08-0FD56914455F}.Debug|x64.Build.0 = Debug|Any CPU
		{9F6AC559-DF03-49ED-AB08-0FD56914455F}.Debug|x86.ActiveCfg = Debug|Any CPU
		{9F6AC559-DF03-49ED-AB08-0FD56914455F}.Debug|x86.Build.0 = Debug|Any CPU
		{9F6AC559-DF03-49ED-AB08-0FD56914455F}.Release|Any CPU.ActiveCfg = Release|Any CPU
		{9F6AC559-DF03-49ED-AB08-0FD56914455F}.Release|Any CPU.Build.0 = Release|Any CPU
		{9F6AC559-DF03-49ED-AB08-0FD56914455F}.Release|x64.ActiveCfg = Release|Any CPU
		{9F6AC559-DF03-49ED-AB08-0FD56914455F}.Release|x64.Build.0 = Release|Any CPU
		{9F6AC559-DF03-49ED-AB08-0FD56914455F}.Release|x86.ActiveCfg = Release|Any CPU
		{9F6AC559-DF03-49ED-AB08-0FD56914455F}.Release|x86.Build.0 = Release|Any CPU
		{9F6AC559-DF03-49ED-AB08-0FD56914455F}.release-small|Any CPU.ActiveCfg = Debug|Any CPU
		{9F6AC559-DF03-49ED-AB08-0FD56914455F}.release-small|Any CPU.Build.0 = Debug|Any CPU
		{9F6AC559-DF03-49ED-AB08-0FD56914455F}.release-small|x64.ActiveCfg = Debug|Any CPU
		{9F6AC559-DF03-49ED-AB08-0FD56914455F}.release-small|x64.Build.0 = Debug|Any CPU
		{9F6AC559-DF03-49ED-AB08-0FD56914455F}.release-small|x86.ActiveCfg = Debug|Any CPU
		{9F6AC559-DF03-49ED-AB08-0FD56914455F}.release-small|x86.Build.0 = Debug|Any CPU
		{B2C4D6E8-1A3F-4E7B-9C0D-5A2B8F3E6D9C}.Debug|Any CPU.ActiveCfg = Debug|Any CPU
		{B2C4D6E8-1A3F-4E7B-9C0D-5A2B8F3E6D9C}.Debug|Any CPU.Build.0 = Debug|Any CPU
		{B2C4D6E8-1A3F-4E7B-9C0D-5A2B8F3E6D9C}.Debug|x64.ActiveCfg = Debug|Any CPU
		{B2C4D6E8-1A3F-4E7B-9C0D-5A2B8F3E6D9C}.Debug|x64.Build.0 = Debug|Any CPU
		{B2C4D6E8-1A3F-4E7B-9C0D-5A2B8F3E6D9C}.Debug|x86.ActiveCfg = Debug|x86
		{B2C4D6E8-1A3F-4E7B-9C0D-5A2B8F3E6D9C}.Debug|x86.Build.0 = Debug|x86
		{B2C4D6E8-1A3F-4E7B-9C0D-5A2B8F3E6D9C}.Release|Any CPU.ActiveCfg = Release|Any CPU
		{B2C4D6E8-1A3F-4E7B-9C0D-5A2B8F3E6D9C}.Release|Any CPU.Build.0 = Release|Any CPU
		{B2C4D6E8-1A3F-4E7B-9C0D-5A2B8F3E6D9C}.Release|x64.ActiveCfg = Release|Any CPU
		{B2C4D6E8-1A3F-4E7B-9C0D-5A2B8F3E6D9C}.Release|x64.Build.0 = Release|Any CPU
		{B2C4D6E8-1A3F-4E7B-9C0D-5A2B8F3E6D9C}.Release|x86.ActiveCfg = Release|x86
		{B2C4D6E8-1A3F-4E7B-9C0D-5A2B8F3E6D9C}.Release|x86.Build.0 = Release|x86
		{B2C4D6E8-1A3F-4E7B-9C0D-5A2B8F3E6D9C}.release-small|Any CPU.ActiveCfg = release-small|Any CPU
		{B2C4D6E8-1A3F-4E7B-9C0D-5A2B8F3E6D9C}.release-small|Any CPU.Build.0 = release-small|Any CPU
		{B2C4D6E8-1A3F-4E7B-9C0D-5A2B8F3E6D9C}.release-small|x64.ActiveCfg = release-small|Any CPU
		{B2C4D6E8-1A3F-4E7B-9C0D-5A2B8F3E6D9C}.release-small|x64.Build.0 = release-small|Any CPU
		{B2C4D6E8-1A3F-4E7B-9C0D-5A2B8F3E6D9C}.release-small|x86.ActiveCfg = release-small|x86
		{B2C4D6E8-1A3F-4E7B-9C0D-5A2B8F3E6D9C}.release-small|x86.Build.0 = release-small|x86
	EndGlobalSection
	GlobalSection(SolutionProperties) = preSolution
		HideSolutionNode = FALSE
	EndGlobalSection
	GlobalSection(NestedProjects) = preSolution
		{3F86C8B1-9580-8D67-A31D-4233E94104AC} = {0AB3BF05-4346-4AA6-1389-037BE0695223}
		{33D251F0-831F-4B51-B543-E93931F8B049} = {3F86C8B1-9580-8D67-A31D-4233E94104AC}
		{9F6AC559-DF03-49ED-AB08-0FD56914455F} = {3F86C8B1-9580-8D67-A31D-4233E94104AC}
	EndGlobalSection
	GlobalSection(ExtensibilityGlobals) = postSolution
		SolutionGuid = {20EFA4E3-5435-400A-BC71-619FF6CDA5D5}
	EndGlobalSection
EndGlobal
